
Microsoft Visual Studio Solution File, Format Version 12.00
# Visual Studio Version 16
VisualStudioVersion = 16.0.30611.23
MinimumVisualStudioVersion = 10.0.40219.1
Project("{8BC9CEB8-8B4A-11D0-8D11-00A0C91BC942}") = "Chip-8-emu", "Chip-8-emu.vcxproj", "{A1E6BFD5-2C7A-44DC-BECC-9B790FFABC9E}"
EndProject
Global
	GlobalSection(SolutionConfigurationPlatforms) = preSolution
		Debug|x64 = Debug|x64
		Debug|x86 = Debug|x86
		Release|x64 = Release|x64
		Release|x86 = Release|x86
	EndGlobalSection
	GlobalSection(ProjectConfigurationPlatforms) = postSolution
		{A1E6BFD5-2C7A-44DC-BECC-9B790FFABC9E}.Debug|x64.ActiveCfg = Debug|x64
		{A1E6BFD5-2C7A-44DC-BECC-9B790FFABC9E}.Debug|x64.Build.0 = Debug|x64
		{A1E6BFD5-2C7A-44DC-BECC-9B790FFABC9E}.Debug|x86.ActiveCfg = Debug|Win32
		{A1E6BFD5-2C7A-44DC-BECC-9B790FFABC9E}.Debug|x86.Build.0 = Debug|Win32
		{A1E6BFD5-2C7A-44DC-BECC-9B790FFABC9E}.Release|x64.ActiveCfg = Release|x64
		{A1E6BFD5-2C7A-44DC-BECC-9B790FFABC9E}.Release|x64.Build.0 = Release|x64
		{A1E6BFD5-2C7A-44DC-BECC-9B790FFABC9E}.Release|x86.ActiveCfg = Release|Win32
		{A1E6BFD5-2C7A-44DC-BECC-9B790FFABC9E}.Release|x86.Build.0 = Release|Win32
	EndGlobalSection
	GlobalSection(SolutionProperties) = preSolution
		HideSolutionNode = FALSE
	EndGlobalSection
	GlobalSection(ExtensibilityGlobals) = postSolution
		SolutionGuid = {29A17247-0509-4150-BEDC-3979E1D03013}
	EndGlobalSection
EndGlobal
